
Microsoft Visual Studio Solution File, Format Version 12.00
# Visual Studio Version 16
VisualStudioVersion = 16.0.31205.134
MinimumVisualStudioVersion = 10.0.40219.1
Project("{FAE04EC0-301F-11D3-BF4B-00C04F79EFBC}") = "fukuvHensu", "fukuvHensu\fukuvHensu.csproj", "{B1E65BC5-22C9-4D00-8A9A-011522C7FE7B}"
EndProject
Global
	GlobalSection(SolutionConfigurationPlatforms) = preSolution
		Debug|Any CPU = Debug|Any CPU
		Release|Any CPU = Release|Any CPU
	EndGlobalSection
	GlobalSection(ProjectConfigurationPlatforms) = postSolution
		{B1E65BC5-22C9-4D00-8A9A-011522C7FE7B}.Debug|Any CPU.ActiveCfg = Debug|Any CPU
		{B1E65BC5-22C9-4D00-8A9A-011522C7FE7B}.Debug|Any CPU.Build.0 = Debug|Any CPU
		{B1E65BC5-22C9-4D00-8A9A-011522C7FE7B}.Release|Any CPU.ActiveCfg = Release|Any CPU
		{B1E65BC5-22C9-4D00-8A9A-011522C7FE7B}.Release|Any CPU.Build.0 = Release|Any CPU
	EndGlobalSection
	GlobalSection(SolutionProperties) = preSolution
		HideSolutionNode = FALSE
	EndGlobalSection
	GlobalSection(ExtensibilityGlobals) = postSolution
		SolutionGuid = {BC4C409C-62B0-4821-AF7D-36562F7275C9}
	EndGlobalSection
EndGlobal
